{
  "name": "react-express-one-repo-test",
  "lockfileVersion": 2,
  "requires": true,
  "packages": {
    "": {
      "dependencies": {
        "express-list-endpoints": "^5.0.0"
      }
    },
    "node_modules/express-list-endpoints": {
      "version": "5.0.0",
      "resolved": "https://registry.npmjs.org/express-list-endpoints/-/express-list-endpoints-5.0.0.tgz",
      "integrity": "sha512-bjypzWA7AQ64VNLbQ3GqwDzLxqK1NIHFRJvFDb7wg0S7YwquI8l8XZsmF0yiEA22gN+p+G6+1KDcXxb6Dn3OaA==",
      "engines": {
        "node": ">=10"
      }
    }
  },
  "dependencies": {
    "express-list-endpoints": {
      "version": "5.0.0",
      "resolved": "https://registry.npmjs.org/express-list-endpoints/-/express-list-endpoints-5.0.0.tgz",
      "integrity": "sha512-bjypzWA7AQ64VNLbQ3GqwDzLxqK1NIHFRJvFDb7wg0S7YwquI8l8XZsmF0yiEA22gN+p+G6+1KDcXxb6Dn3OaA=="
    }
  }
}
